// !$*UTF8*$!
{
	archiveVersion = 1;
	classes = {
	};
	objectVersion = 46;
	objects = {

/* Begin PBXBuildFile section */
		81BAC3E51F2CBF530037234F /* main.m in Sources */ = {isa = PBXBuildFile; fileRef = 81BAC3E41F2CBF530037234F /* main.m */; };
		81BAC3E81F2CBF530037234F /* AppDelegate.m in Sources */ = {isa = PBXBuildFile; fileRef = 81BAC3E71F2CBF530037234F /* AppDelegate.m */; };
		81BAC3EB1F2CBF530037234F /* ViewController.m in Sources */ = {isa = PBXBuildFile; fileRef = 81BAC3EA1F2CBF530037234F /* ViewController.m */; };
		81BAC3EE1F2CBF530037234F /* Main.storyboard in Resources */ = {isa = PBXBuildFile; fileRef = 81BAC3EC1F2CBF530037234F /* Main.storyboard */; };
		81BAC3F01F2CBF530037234F /* Assets.xcassets in Resources */ = {isa = PBXBuildFile; fileRef = 81BAC3EF1F2CBF530037234F /* Assets.xcassets */; };
		81BAC3F31F2CBF530037234F /* LaunchScreen.storyboard in Resources */ = {isa = PBXBuildFile; fileRef = 81BAC3F11F2CBF530037234F /* LaunchScreen.storyboard */; };
		81BAC4031F2CC1780037234F /* SegundoViewController.m in Sources */ = {isa = PBXBuildFile; fileRef = 81BAC4021F2CC1780037234F /* SegundoViewController.m */; };
/* End PBXBuildFile section */

/* Begin PBXFileReference section */
		81BAC3E01F2CBF530037234F /* FirstProject.app */ = {isa = PBXFileReference; explicitFileType = wrapper.application; includeInIndex = 0; path = FirstProject.app; sourceTree = BUILT_PRODUCTS_DIR; };
		81BAC3E41F2CBF530037234F /* main.m */ = {isa = PBXFileReference; lastKnownFileType = sourcecode.c.objc; path = main.m; sourceTree = "<group>"; };
		81BAC3E61F2CBF530037234F /* AppDelegate.h */ = {isa = PBXFileReference; lastKnownFileType = sourcecode.c.h; path = AppDelegate.h; sourceTree = "<group>"; };
		81BAC3E71F2CBF530037234F /* AppDelegate.m */ = {isa = PBXFileReference; lastKnownFileType = sourcecode.c.objc; path = AppDelegate.m; sourceTree = "<group>"; };
		81BAC3E91F2CBF530037234F /* ViewController.h */ = {isa = PBXFileReference; lastKnownFileType = sourcecode.c.h; path = ViewController.h; sourceTree = "<group>"; };
		81BAC3EA1F2CBF530037234F /* ViewController.m */ = {isa = PBXFileReference; lastKnownFileType = sourcecode.c.objc; path = ViewController.m; sourceTree = "<group>"; };
		81BAC3ED1F2CBF530037234F /* Base */ = {isa = PBXFileReference; lastKnownFileType = file.storyboard; name = Base; path = Base.lproj/Main.storyboard; sourceTree = "<group>"; };
		81BAC3EF1F2CBF530037234F /* Assets.xcassets */ = {isa = PBXFileReference; lastKnownFileType = folder.assetcatalog; path = Assets.xcassets; sourceTree = "<group>"; };
		81BAC3F21F2CBF530037234F /* Base */ = {isa = PBXFileReference; lastKnownFileType = file.storyboard; name = Base; path = Base.lproj/LaunchScreen.storyboard; sourceTree = "<group>"; };
		81BAC3F41F2CBF530037234F /* Info.plist */ = {isa = PBXFileReference; lastKnownFileType = text.plist.xml; path = Info.plist; sourceTree = "<group>"; };
		81BAC4011F2CC1780037234F /* SegundoViewController.h */ = {isa = PBXFileReference; fileEncoding = 4; lastKnownFileType = sourcecode.c.h; path = SegundoViewController.h; sourceTree = "<group>"; };
		81BAC4021F2CC1780037234F /* SegundoViewController.m */ = {isa = PBXFileReference; fileEncoding = 4; lastKnownFileType = sourcecode.c.objc; path = SegundoViewController.m; sourceTree = "<group>"; };
/* End PBXFileReference section */

/* Begin PBXFrameworksBuildPhase section */
		81BAC3DD1F2CBF530037234F /* Frameworks */ = {
			isa = PBXFrameworksBuildPhase;
			buildActionMask = 2147483647;
			files = (
			);
			runOnlyForDeploymentPostprocessing = 0;
		};
/* End PBXFrameworksBuildPhase section */

/* Begin PBXGroup section */
		81BAC3D71F2CBF530037234F = {
			isa = PBXGroup;
			children = (
				81BAC3E21F2CBF530037234F /* FirstProject */,
				81BAC3E11F2CBF530037234F /* Products */,
			);
			sourceTree = "<group>";
		};
		81BAC3E11F2CBF530037234F /* Products */ = {
			isa = PBXGroup;
			children = (
				81BAC3E01F2CBF530037234F /* FirstProject.app */,
			);
			name = Products;
			sourceTree = "<group>";
		};
		81BAC3E21F2CBF530037234F /* FirstProject */ = {
			isa = PBXGroup;
			children = (
				81BAC3FA1F2CBFE70037234F /* UI */,
				81BAC3E61F2CBF530037234F /* AppDelegate.h */,
				81BAC3E71F2CBF530037234F /* AppDelegate.m */,
				81BAC3EC1F2CBF530037234F /* Main.storyboard */,
				81BAC3EF1F2CBF530037234F /* Assets.xcassets */,
				81BAC3F11F2CBF530037234F /* LaunchScreen.storyboard */,
				81BAC3F41F2CBF530037234F /* Info.plist */,
				81BAC3E31F2CBF530037234F /* Supporting Files */,
			);
			path = FirstProject;
			sourceTree = "<group>";
		};
		81BAC3E31F2CBF530037234F /* Supporting Files */ = {
			isa = PBXGroup;
			children = (
				81BAC3E41F2CBF530037234F /* main.m */,
			);
			name = "Supporting Files";
			sourceTree = "<group>";
		};
		81BAC3FA1F2CBFE70037234F /* UI */ = {
			isa = PBXGroup;
			children = (
				81BAC3E91F2CBF530037234F /* ViewController.h */,
				81BAC3EA1F2CBF530037234F /* ViewController.m */,
				81BAC4011F2CC1780037234F /* SegundoViewController.h */,
				81BAC4021F2CC1780037234F /* SegundoViewController.m */,
			);
			name = UI;
			sourceTree = "<group>";
		};
/* End PBXGroup section */

/* Begin PBXNativeTarget section */
		81BAC3DF1F2CBF530037234F /* FirstProject */ = {
			isa = PBXNativeTarget;
			buildConfigurationList = 81BAC3F71F2CBF530037234F /* Build configuration list for PBXNativeTarget "FirstProject" */;
			buildPhases = (
				81BAC3DC1F2CBF530037234F /* Sources */,
				81BAC3DD1F2CBF530037234F /* Frameworks */,
				81BAC3DE1F2CBF530037234F /* Resources */,
			);
			buildRules = (
			);
			dependencies = (
			);
			name = FirstProject;
			productName = FirstProject;
			productReference = 81BAC3E01F2CBF530037234F /* FirstProject.app */;
			productType = "com.apple.product-type.application";
		};
/* End PBXNativeTarget section */

/* Begin PBXProject section */
		81BAC3D81F2CBF530037234F /* Project object */ = {
			isa = PBXProject;
			attributes = {
				LastUpgradeCheck = 0830;
				ORGANIZATIONNAME = Treinamento;
				TargetAttributes = {
					81BAC3DF1F2CBF530037234F = {
						CreatedOnToolsVersion = 8.3.3;
						ProvisioningStyle = Automatic;
					};
				};
			};
			buildConfigurationList = 81BAC3DB1F2CBF530037234F /* Build configuration list for PBXProject "FirstProject" */;
			compatibilityVersion = "Xcode 3.2";
			developmentRegion = English;
			hasScannedForEncodings = 0;
			knownRegions = (
				en,
				Base,
			);
			mainGroup = 81BAC3D71F2CBF530037234F;
			productRefGroup = 81BAC3E11F2CBF530037234F /* Products */;
			projectDirPath = "";
			projectRoot = "";
			targets = (
				81BAC3DF1F2CBF530037234F /* FirstProject */,
			);
		};
/* End PBXProject section */

/* Begin PBXResourcesBuildPhase section */
		81BAC3DE1F2CBF530037234F /* Resources */ = {
			isa = PBXResourcesBuildPhase;
			buildActionMask = 2147483647;
			files = (
				81BAC3F31F2CBF530037234F /* LaunchScreen.storyboard in Resources */,
				81BAC3F01F2CBF530037234F /* Assets.xcassets in Resources */,
				81BAC3EE1F2CBF530037234F /* Main.storyboard in Resources */,
			);
			runOnlyForDeploymentPostprocessing = 0;
		};
/* End PBXResourcesBuildPhase section */

/* Begin PBXSourcesBuildPhase section */
		81BAC3DC1F2CBF530037234F /* Sources */ = {
			isa = PBXSourcesBuildPhase;
			buildActionMask = 2147483647;
			files = (
				81BAC3EB1F2CBF530037234F /* ViewController.m in Sources */,
				81BAC3E81F2CBF530037234F /* AppDelegate.m in Sources */,
				81BAC4031F2CC1780037234F /* SegundoViewController.m in Sources */,
				81BAC3E51F2CBF530037234F /* main.m in Sources */,
			);
			runOnlyForDeploymentPostprocessing = 0;
		};
/* End PBXSourcesBuildPhase section */

/* Begin PBXVariantGroup section */
		81BAC3EC1F2CBF530037234F /* Main.storyboard */ = {
			isa = PBXVariantGroup;
			children = (
				81BAC3ED1F2CBF530037234F /* Base */,
			);
			name = Main.storyboard;
			sourceTree = "<group>";
		};
		81BAC3F11F2CBF530037234F /* LaunchScreen.storyboard */ = {
			isa = PBXVariantGroup;
			children = (
				81BAC3F21F2CBF530037234F /* Base */,
			);
			name = LaunchScreen.storyboard;
			sourceTree = "<group>";
		};
/* End PBXVariantGroup section */

/* Begin XCBuildConfiguration section */
		81BAC3F51F2CBF530037234F /* Debug */ = {
			isa = XCBuildConfiguration;
			buildSettings = {
				ALWAYS_SEARCH_USER_PATHS = NO;
				CLANG_ANALYZER_NONNULL = YES;
				CLANG_ANALYZER_NUMBER_OBJECT_CONVERSION = YES_AGGRESSIVE;
				CLANG_CXX_LANGUAGE_STANDARD = "gnu++0x";
				CLANG_CXX_LIBRARY = "libc++";
				CLANG_ENABLE_MODULES = YES;
				CLANG_ENABLE_OBJC_ARC = YES;
				CLANG_WARN_BOOL_CONVERSION = YES;
				CLANG_WARN_CONSTANT_CONVERSION = YES;
				CLANG_WARN_DIRECT_OBJC_ISA_USAGE = YES_ERROR;
				CLANG_WARN_DOCUMENTATION_COMMENTS = YES;
				CLANG_WARN_EMPTY_BODY = YES;
				CLANG_WARN_ENUM_CONVERSION = YES;
				CLANG_WARN_INFINITE_RECURSION = YES;
				CLANG_WARN_INT_CONVERSION = YES;
				CLANG_WARN_OBJC_ROOT_CLASS = YES_ERROR;
				CLANG_WARN_SUSPICIOUS_MOVE = YES;
				CLANG_WARN_UNREACHABLE_CODE = YES;
				CLANG_WARN__DUPLICATE_METHOD_MATCH = YES;
				"CODE_SIGN_IDENTITY[sdk=iphoneos*]" = "iPhone Developer";
				COPY_PHASE_STRIP = NO;
				DEBUG_INFORMATION_FORMAT = dwarf;
				ENABLE_STRICT_OBJC_MSGSEND = YES;
				ENABLE_TESTABILITY = YES;
				GCC_C_LANGUAGE_STANDARD = gnu99;
				GCC_DYNAMIC_NO_PIC = NO;
				GCC_NO_COMMON_BLOCKS = YES;
				GCC_OPTIMIZATION_LEVEL = 0;
				GCC_PREPROCESSOR_DEFINITIONS = (
					"DEBUG=1",
					"$(inherited)",
				);
				GCC_WARN_64_TO_32_BIT_CONVERSION = YES;
				GCC_WARN_ABOUT_RETURN_TYPE = YES_ERROR;
				GCC_WARN_UNDECLARED_SELECTOR = YES;
				GCC_WARN_UNINITIALIZED_AUTOS = YES_AGGRESSIVE;
				GCC_WARN_UNUSED_FUNCTION = YES;
				GCC_WARN_UNUSED_VARIABLE = YES;
				IPHONEOS_DEPLOYMENT_TARGET = 10.3;
				MTL_ENABLE_DEBUG_INFO = YES;
				ONLY_ACTIVE_ARCH = YES;
				SDKROOT = iphoneos;
				TARGETED_DEVICE_FAMILY = "1,2";
			};
			name = Debug;
		};
		81BAC3F61F2CBF530037234F /* Release */ = {
			isa = XCBuildConfiguration;
			buildSettings = {
				ALWAYS_SEARCH_USER_PATHS = NO;
				CLANG_ANALYZER_NONNULL = YES;
				CLANG_ANALYZER_NUMBER_OBJECT_CONVERSION = YES_AGGRESSIVE;
				CLANG_CXX_LANGUAGE_STANDARD = "gnu++0x";
				CLANG_CXX_LIBRARY = "libc++";
				CLANG_ENABLE_MODULES = YES;
				CLANG_ENABLE_OBJC_ARC = YES;
				CLANG_WARN_BOOL_CONVERSION = YES;
				CLANG_WARN_CONSTANT_CONVERSION = YES;
				CLANG_WARN_DIRECT_OBJC_ISA_USAGE = YES_ERROR;
				CLANG_WARN_DOCUMENTATION_COMMENTS = YES;
				CLANG_WARN_EMPTY_BODY = YES;
				CLANG_WARN_ENUM_CONVERSION = YES;
				CLANG_WARN_INFINITE_RECURSION = YES;
				CLANG_WARN_INT_CONVERSION = YES;
				CLANG_WARN_OBJC_ROOT_CLASS = YES_ERROR;
				CLANG_WARN_SUSPICIOUS_MOVE = YES;
				CLANG_WARN_UNREACHABLE_CODE = YES;
				CLANG_WARN__DUPLICATE_METHOD_MATCH = YES;
				"CODE_SIGN_IDENTITY[sdk=iphoneos*]" = "iPhone Developer";
				COPY_PHASE_STRIP = NO;
				DEBUG_INFORMATION_FORMAT = "dwarf-with-dsym";
				ENABLE_NS_ASSERTIONS = NO;
				ENABLE_STRICT_OBJC_MSGSEND = YES;
				GCC_C_LANGUAGE_STANDARD = gnu99;
				GCC_NO_COMMON_BLOCKS = YES;
				GCC_WARN_64_TO_32_BIT_CONVERSION = YES;
				GCC_WARN_ABOUT_RETURN_TYPE = YES_ERROR;
				GCC_WARN_UNDECLARED_SELECTOR = YES;
				GCC_WARN_UNINITIALIZED_AUTOS = YES_AGGRESSIVE;
				GCC_WARN_UNUSED_FUNCTION = YES;
				GCC_WARN_UNUSED_VARIABLE = YES;
				IPHONEOS_DEPLOYMENT_TARGET = 10.3;
				MTL_ENABLE_DEBUG_INFO = NO;
				SDKROOT = iphoneos;
				TARGETED_DEVICE_FAMILY = "1,2";
				VALIDATE_PRODUCT = YES;
			};
			name = Release;
		};
		81BAC3F81F2CBF530037234F /* Debug */ = {
			isa = XCBuildConfiguration;
			buildSettings = {
				ASSETCATALOG_COMPILER_APPICON_NAME = AppIcon;
				INFOPLIST_FILE = FirstProject/Info.plist;
				LD_RUNPATH_SEARCH_PATHS = "$(inherited) @executable_path/Frameworks";
				PRODUCT_BUNDLE_IDENTIFIER = porto.com.FirstProject;
				PRODUCT_NAME = "$(TARGET_NAME)";
			};
			name = Debug;
		};
		81BAC3F91F2CBF530037234F /* Release */ = {
			isa = XCBuildConfiguration;
			buildSettings = {
				ASSETCATALOG_COMPILER_APPICON_NAME = AppIcon;
				INFOPLIST_FILE = FirstProject/Info.plist;
				LD_RUNPATH_SEARCH_PATHS = "$(inherited) @executable_path/Frameworks";
				PRODUCT_BUNDLE_IDENTIFIER = porto.com.FirstProject;
				PRODUCT_NAME = "$(TARGET_NAME)";
			};
			name = Release;
		};
/* End XCBuildConfiguration section */

/* Begin XCConfigurationList section */
		81BAC3DB1F2CBF530037234F /* Build configuration list for PBXProject "FirstProject" */ = {
			isa = XCConfigurationList;
			buildConfigurations = (
				81BAC3F51F2CBF530037234F /* Debug */,
				81BAC3F61F2CBF530037234F /* Release */,
			);
			defaultConfigurationIsVisible = 0;
			defaultConfigurationName = Release;
		};
		81BAC3F71F2CBF530037234F /* Build configuration list for PBXNativeTarget "FirstProject" */ = {
			isa = XCConfigurationList;
			buildConfigurations = (
				81BAC3F81F2CBF530037234F /* Debug */,
				81BAC3F91F2CBF530037234F /* Release */,
			);
			defaultConfigurationIsVisible = 0;
		};
/* End XCConfigurationList section */
	};
	rootObject = 81BAC3D81F2CBF530037234F /* Project object */;
}
