// !$*UTF8*$!
{
	archiveVersion = 1;
	classes = {
	};
	objectVersion = 46;
	objects = {

/* Begin PBXBuildFile section */
		81429C251F2CFB7100F195DD /* main.m in Sources */ = {isa = PBXBuildFile; fileRef = 81429C241F2CFB7100F195DD /* main.m */; };
		81429C281F2CFB7100F195DD /* AppDelegate.m in Sources */ = {isa = PBXBuildFile; fileRef = 81429C271F2CFB7100F195DD /* AppDelegate.m */; };
		81429C2B1F2CFB7100F195DD /* ViewController.m in Sources */ = {isa = PBXBuildFile; fileRef = 81429C2A1F2CFB7100F195DD /* ViewController.m */; };
		81429C2E1F2CFB7100F195DD /* Main.storyboard in Resources */ = {isa = PBXBuildFile; fileRef = 81429C2C1F2CFB7100F195DD /* Main.storyboard */; };
		81429C301F2CFB7100F195DD /* Assets.xcassets in Resources */ = {isa = PBXBuildFile; fileRef = 81429C2F1F2CFB7100F195DD /* Assets.xcassets */; };
		81429C331F2CFB7100F195DD /* LaunchScreen.storyboard in Resources */ = {isa = PBXBuildFile; fileRef = 81429C311F2CFB7100F195DD /* LaunchScreen.storyboard */; };
		81429C3C1F2D0C3800F195DD /* ArrayViewController.m in Sources */ = {isa = PBXBuildFile; fileRef = 81429C3B1F2D0C3800F195DD /* ArrayViewController.m */; };
		81429C3F1F2D19A400F195DD /* CustomTableViewCell.m in Sources */ = {isa = PBXBuildFile; fileRef = 81429C3E1F2D19A400F195DD /* CustomTableViewCell.m */; };
/* End PBXBuildFile section */

/* Begin PBXFileReference section */
		81429C201F2CFB7100F195DD /* InterfaceLegal.app */ = {isa = PBXFileReference; explicitFileType = wrapper.application; includeInIndex = 0; path = InterfaceLegal.app; sourceTree = BUILT_PRODUCTS_DIR; };
		81429C241F2CFB7100F195DD /* main.m */ = {isa = PBXFileReference; lastKnownFileType = sourcecode.c.objc; path = main.m; sourceTree = "<group>"; };
		81429C261F2CFB7100F195DD /* AppDelegate.h */ = {isa = PBXFileReference; lastKnownFileType = sourcecode.c.h; path = AppDelegate.h; sourceTree = "<group>"; };
		81429C271F2CFB7100F195DD /* AppDelegate.m */ = {isa = PBXFileReference; lastKnownFileType = sourcecode.c.objc; path = AppDelegate.m; sourceTree = "<group>"; };
		81429C291F2CFB7100F195DD /* ViewController.h */ = {isa = PBXFileReference; lastKnownFileType = sourcecode.c.h; path = ViewController.h; sourceTree = "<group>"; };
		81429C2A1F2CFB7100F195DD /* ViewController.m */ = {isa = PBXFileReference; lastKnownFileType = sourcecode.c.objc; path = ViewController.m; sourceTree = "<group>"; };
		81429C2D1F2CFB7100F195DD /* Base */ = {isa = PBXFileReference; lastKnownFileType = file.storyboard; name = Base; path = Base.lproj/Main.storyboard; sourceTree = "<group>"; };
		81429C2F1F2CFB7100F195DD /* Assets.xcassets */ = {isa = PBXFileReference; lastKnownFileType = folder.assetcatalog; path = Assets.xcassets; sourceTree = "<group>"; };
		81429C321F2CFB7100F195DD /* Base */ = {isa = PBXFileReference; lastKnownFileType = file.storyboard; name = Base; path = Base.lproj/LaunchScreen.storyboard; sourceTree = "<group>"; };
		81429C341F2CFB7100F195DD /* Info.plist */ = {isa = PBXFileReference; lastKnownFileType = text.plist.xml; path = Info.plist; sourceTree = "<group>"; };
		81429C3A1F2D0C3800F195DD /* ArrayViewController.h */ = {isa = PBXFileReference; fileEncoding = 4; lastKnownFileType = sourcecode.c.h; path = ArrayViewController.h; sourceTree = "<group>"; };
		81429C3B1F2D0C3800F195DD /* ArrayViewController.m */ = {isa = PBXFileReference; fileEncoding = 4; lastKnownFileType = sourcecode.c.objc; path = ArrayViewController.m; sourceTree = "<group>"; };
		81429C3D1F2D19A400F195DD /* CustomTableViewCell.h */ = {isa = PBXFileReference; fileEncoding = 4; lastKnownFileType = sourcecode.c.h; path = CustomTableViewCell.h; sourceTree = "<group>"; };
		81429C3E1F2D19A400F195DD /* CustomTableViewCell.m */ = {isa = PBXFileReference; fileEncoding = 4; lastKnownFileType = sourcecode.c.objc; path = CustomTableViewCell.m; sourceTree = "<group>"; };
/* End PBXFileReference section */

/* Begin PBXFrameworksBuildPhase section */
		81429C1D1F2CFB7100F195DD /* Frameworks */ = {
			isa = PBXFrameworksBuildPhase;
			buildActionMask = 2147483647;
			files = (
			);
			runOnlyForDeploymentPostprocessing = 0;
		};
/* End PBXFrameworksBuildPhase section */

/* Begin PBXGroup section */
		81429C171F2CFB7100F195DD = {
			isa = PBXGroup;
			children = (
				81429C221F2CFB7100F195DD /* InterfaceLegal */,
				81429C211F2CFB7100F195DD /* Products */,
			);
			sourceTree = "<group>";
		};
		81429C211F2CFB7100F195DD /* Products */ = {
			isa = PBXGroup;
			children = (
				81429C201F2CFB7100F195DD /* InterfaceLegal.app */,
			);
			name = Products;
			sourceTree = "<group>";
		};
		81429C221F2CFB7100F195DD /* InterfaceLegal */ = {
			isa = PBXGroup;
			children = (
				81429C261F2CFB7100F195DD /* AppDelegate.h */,
				81429C3D1F2D19A400F195DD /* CustomTableViewCell.h */,
				81429C3E1F2D19A400F195DD /* CustomTableViewCell.m */,
				81429C271F2CFB7100F195DD /* AppDelegate.m */,
				81429C3A1F2D0C3800F195DD /* ArrayViewController.h */,
				81429C3B1F2D0C3800F195DD /* ArrayViewController.m */,
				81429C291F2CFB7100F195DD /* ViewController.h */,
				81429C2A1F2CFB7100F195DD /* ViewController.m */,
				81429C2C1F2CFB7100F195DD /* Main.storyboard */,
				81429C2F1F2CFB7100F195DD /* Assets.xcassets */,
				81429C311F2CFB7100F195DD /* LaunchScreen.storyboard */,
				81429C341F2CFB7100F195DD /* Info.plist */,
				81429C231F2CFB7100F195DD /* Supporting Files */,
			);
			path = InterfaceLegal;
			sourceTree = "<group>";
		};
		81429C231F2CFB7100F195DD /* Supporting Files */ = {
			isa = PBXGroup;
			children = (
				81429C241F2CFB7100F195DD /* main.m */,
			);
			name = "Supporting Files";
			sourceTree = "<group>";
		};
/* End PBXGroup section */

/* Begin PBXNativeTarget section */
		81429C1F1F2CFB7100F195DD /* InterfaceLegal */ = {
			isa = PBXNativeTarget;
			buildConfigurationList = 81429C371F2CFB7100F195DD /* Build configuration list for PBXNativeTarget "InterfaceLegal" */;
			buildPhases = (
				81429C1C1F2CFB7100F195DD /* Sources */,
				81429C1D1F2CFB7100F195DD /* Frameworks */,
				81429C1E1F2CFB7100F195DD /* Resources */,
			);
			buildRules = (
			);
			dependencies = (
			);
			name = InterfaceLegal;
			productName = InterfaceLegal;
			productReference = 81429C201F2CFB7100F195DD /* InterfaceLegal.app */;
			productType = "com.apple.product-type.application";
		};
/* End PBXNativeTarget section */

/* Begin PBXProject section */
		81429C181F2CFB7100F195DD /* Project object */ = {
			isa = PBXProject;
			attributes = {
				LastUpgradeCheck = 0830;
				ORGANIZATIONNAME = Treinamento;
				TargetAttributes = {
					81429C1F1F2CFB7100F195DD = {
						CreatedOnToolsVersion = 8.3.3;
						ProvisioningStyle = Automatic;
					};
				};
			};
			buildConfigurationList = 81429C1B1F2CFB7100F195DD /* Build configuration list for PBXProject "InterfaceLegal" */;
			compatibilityVersion = "Xcode 3.2";
			developmentRegion = English;
			hasScannedForEncodings = 0;
			knownRegions = (
				en,
				Base,
			);
			mainGroup = 81429C171F2CFB7100F195DD;
			productRefGroup = 81429C211F2CFB7100F195DD /* Products */;
			projectDirPath = "";
			projectRoot = "";
			targets = (
				81429C1F1F2CFB7100F195DD /* InterfaceLegal */,
			);
		};
/* End PBXProject section */

/* Begin PBXResourcesBuildPhase section */
		81429C1E1F2CFB7100F195DD /* Resources */ = {
			isa = PBXResourcesBuildPhase;
			buildActionMask = 2147483647;
			files = (
				81429C331F2CFB7100F195DD /* LaunchScreen.storyboard in Resources */,
				81429C301F2CFB7100F195DD /* Assets.xcassets in Resources */,
				81429C2E1F2CFB7100F195DD /* Main.storyboard in Resources */,
			);
			runOnlyForDeploymentPostprocessing = 0;
		};
/* End PBXResourcesBuildPhase section */

/* Begin PBXSourcesBuildPhase section */
		81429C1C1F2CFB7100F195DD /* Sources */ = {
			isa = PBXSourcesBuildPhase;
			buildActionMask = 2147483647;
			files = (
				81429C2B1F2CFB7100F195DD /* ViewController.m in Sources */,
				81429C281F2CFB7100F195DD /* AppDelegate.m in Sources */,
				81429C3C1F2D0C3800F195DD /* ArrayViewController.m in Sources */,
				81429C3F1F2D19A400F195DD /* CustomTableViewCell.m in Sources */,
				81429C251F2CFB7100F195DD /* main.m in Sources */,
			);
			runOnlyForDeploymentPostprocessing = 0;
		};
/* End PBXSourcesBuildPhase section */

/* Begin PBXVariantGroup section */
		81429C2C1F2CFB7100F195DD /* Main.storyboard */ = {
			isa = PBXVariantGroup;
			children = (
				81429C2D1F2CFB7100F195DD /* Base */,
			);
			name = Main.storyboard;
			sourceTree = "<group>";
		};
		81429C311F2CFB7100F195DD /* LaunchScreen.storyboard */ = {
			isa = PBXVariantGroup;
			children = (
				81429C321F2CFB7100F195DD /* Base */,
			);
			name = LaunchScreen.storyboard;
			sourceTree = "<group>";
		};
/* End PBXVariantGroup section */

/* Begin XCBuildConfiguration section */
		81429C351F2CFB7100F195DD /* Debug */ = {
			isa = XCBuildConfiguration;
			buildSettings = {
				ALWAYS_SEARCH_USER_PATHS = NO;
				CLANG_ANALYZER_NONNULL = YES;
				CLANG_ANALYZER_NUMBER_OBJECT_CONVERSION = YES_AGGRESSIVE;
				CLANG_CXX_LANGUAGE_STANDARD = "gnu++0x";
				CLANG_CXX_LIBRARY = "libc++";
				CLANG_ENABLE_MODULES = YES;
				CLANG_ENABLE_OBJC_ARC = YES;
				CLANG_WARN_BOOL_CONVERSION = YES;
				CLANG_WARN_CONSTANT_CONVERSION = YES;
				CLANG_WARN_DIRECT_OBJC_ISA_USAGE = YES_ERROR;
				CLANG_WARN_DOCUMENTATION_COMMENTS = YES;
				CLANG_WARN_EMPTY_BODY = YES;
				CLANG_WARN_ENUM_CONVERSION = YES;
				CLANG_WARN_INFINITE_RECURSION = YES;
				CLANG_WARN_INT_CONVERSION = YES;
				CLANG_WARN_OBJC_ROOT_CLASS = YES_ERROR;
				CLANG_WARN_SUSPICIOUS_MOVE = YES;
				CLANG_WARN_UNREACHABLE_CODE = YES;
				CLANG_WARN__DUPLICATE_METHOD_MATCH = YES;
				"CODE_SIGN_IDENTITY[sdk=iphoneos*]" = "iPhone Developer";
				COPY_PHASE_STRIP = NO;
				DEBUG_INFORMATION_FORMAT = dwarf;
				ENABLE_STRICT_OBJC_MSGSEND = YES;
				ENABLE_TESTABILITY = YES;
				GCC_C_LANGUAGE_STANDARD = gnu99;
				GCC_DYNAMIC_NO_PIC = NO;
				GCC_NO_COMMON_BLOCKS = YES;
				GCC_OPTIMIZATION_LEVEL = 0;
				GCC_PREPROCESSOR_DEFINITIONS = (
					"DEBUG=1",
					"$(inherited)",
				);
				GCC_WARN_64_TO_32_BIT_CONVERSION = YES;
				GCC_WARN_ABOUT_RETURN_TYPE = YES_ERROR;
				GCC_WARN_UNDECLARED_SELECTOR = YES;
				GCC_WARN_UNINITIALIZED_AUTOS = YES_AGGRESSIVE;
				GCC_WARN_UNUSED_FUNCTION = YES;
				GCC_WARN_UNUSED_VARIABLE = YES;
				IPHONEOS_DEPLOYMENT_TARGET = 10.3;
				MTL_ENABLE_DEBUG_INFO = YES;
				ONLY_ACTIVE_ARCH = YES;
				SDKROOT = iphoneos;
				TARGETED_DEVICE_FAMILY = "1,2";
			};
			name = Debug;
		};
		81429C361F2CFB7100F195DD /* Release */ = {
			isa = XCBuildConfiguration;
			buildSettings = {
				ALWAYS_SEARCH_USER_PATHS = NO;
				CLANG_ANALYZER_NONNULL = YES;
				CLANG_ANALYZER_NUMBER_OBJECT_CONVERSION = YES_AGGRESSIVE;
				CLANG_CXX_LANGUAGE_STANDARD = "gnu++0x";
				CLANG_CXX_LIBRARY = "libc++";
				CLANG_ENABLE_MODULES = YES;
				CLANG_ENABLE_OBJC_ARC = YES;
				CLANG_WARN_BOOL_CONVERSION = YES;
				CLANG_WARN_CONSTANT_CONVERSION = YES;
				CLANG_WARN_DIRECT_OBJC_ISA_USAGE = YES_ERROR;
				CLANG_WARN_DOCUMENTATION_COMMENTS = YES;
				CLANG_WARN_EMPTY_BODY = YES;
				CLANG_WARN_ENUM_CONVERSION = YES;
				CLANG_WARN_INFINITE_RECURSION = YES;
				CLANG_WARN_INT_CONVERSION = YES;
				CLANG_WARN_OBJC_ROOT_CLASS = YES_ERROR;
				CLANG_WARN_SUSPICIOUS_MOVE = YES;
				CLANG_WARN_UNREACHABLE_CODE = YES;
				CLANG_WARN__DUPLICATE_METHOD_MATCH = YES;
				"CODE_SIGN_IDENTITY[sdk=iphoneos*]" = "iPhone Developer";
				COPY_PHASE_STRIP = NO;
				DEBUG_INFORMATION_FORMAT = "dwarf-with-dsym";
				ENABLE_NS_ASSERTIONS = NO;
				ENABLE_STRICT_OBJC_MSGSEND = YES;
				GCC_C_LANGUAGE_STANDARD = gnu99;
				GCC_NO_COMMON_BLOCKS = YES;
				GCC_WARN_64_TO_32_BIT_CONVERSION = YES;
				GCC_WARN_ABOUT_RETURN_TYPE = YES_ERROR;
				GCC_WARN_UNDECLARED_SELECTOR = YES;
				GCC_WARN_UNINITIALIZED_AUTOS = YES_AGGRESSIVE;
				GCC_WARN_UNUSED_FUNCTION = YES;
				GCC_WARN_UNUSED_VARIABLE = YES;
				IPHONEOS_DEPLOYMENT_TARGET = 10.3;
				MTL_ENABLE_DEBUG_INFO = NO;
				SDKROOT = iphoneos;
				TARGETED_DEVICE_FAMILY = "1,2";
				VALIDATE_PRODUCT = YES;
			};
			name = Release;
		};
		81429C381F2CFB7100F195DD /* Debug */ = {
			isa = XCBuildConfiguration;
			buildSettings = {
				ASSETCATALOG_COMPILER_APPICON_NAME = AppIcon;
				INFOPLIST_FILE = InterfaceLegal/Info.plist;
				LD_RUNPATH_SEARCH_PATHS = "$(inherited) @executable_path/Frameworks";
				PRODUCT_BUNDLE_IDENTIFIER = porto.com.InterfaceLegal;
				PRODUCT_NAME = "$(TARGET_NAME)";
			};
			name = Debug;
		};
		81429C391F2CFB7100F195DD /* Release */ = {
			isa = XCBuildConfiguration;
			buildSettings = {
				ASSETCATALOG_COMPILER_APPICON_NAME = AppIcon;
				INFOPLIST_FILE = InterfaceLegal/Info.plist;
				LD_RUNPATH_SEARCH_PATHS = "$(inherited) @executable_path/Frameworks";
				PRODUCT_BUNDLE_IDENTIFIER = porto.com.InterfaceLegal;
				PRODUCT_NAME = "$(TARGET_NAME)";
			};
			name = Release;
		};
/* End XCBuildConfiguration section */

/* Begin XCConfigurationList section */
		81429C1B1F2CFB7100F195DD /* Build configuration list for PBXProject "InterfaceLegal" */ = {
			isa = XCConfigurationList;
			buildConfigurations = (
				81429C351F2CFB7100F195DD /* Debug */,
				81429C361F2CFB7100F195DD /* Release */,
			);
			defaultConfigurationIsVisible = 0;
			defaultConfigurationName = Release;
		};
		81429C371F2CFB7100F195DD /* Build configuration list for PBXNativeTarget "InterfaceLegal" */ = {
			isa = XCConfigurationList;
			buildConfigurations = (
				81429C381F2CFB7100F195DD /* Debug */,
				81429C391F2CFB7100F195DD /* Release */,
			);
			defaultConfigurationIsVisible = 0;
		};
/* End XCConfigurationList section */
	};
	rootObject = 81429C181F2CFB7100F195DD /* Project object */;
}
